
Microsoft Visual Studio Solution File, Format Version 12.00
# Visual Studio 15
VisualStudioVersion = 15.0.26730.16
MinimumVisualStudioVersion = 10.0.40219.1
Project("{FAE04EC0-301F-11D3-BF4B-00C04F79EFBC}") = "Chownus.AoC.Console", "Chownus.AoC.Console\Chownus.AoC.Console.csproj", "{50FB5FE9-E2C8-4B28-BD45-6D5315237958}"
EndProject
Global
	GlobalSection(SolutionConfigurationPlatforms) = preSolution
		Debug|Any CPU = Debug|Any CPU
		Release|Any CPU = Release|Any CPU
	EndGlobalSection
	GlobalSection(ProjectConfigurationPlatforms) = postSolution
		{50FB5FE9-E2C8-4B28-BD45-6D5315237958}.Debug|Any CPU.ActiveCfg = Debug|Any CPU
		{50FB5FE9-E2C8-4B28-BD45-6D5315237958}.Debug|Any CPU.Build.0 = Debug|Any CPU
		{50FB5FE9-E2C8-4B28-BD45-6D5315237958}.Release|Any CPU.ActiveCfg = Release|Any CPU
		{50FB5FE9-E2C8-4B28-BD45-6D5315237958}.Release|Any CPU.Build.0 = Release|Any CPU
	EndGlobalSection
	GlobalSection(SolutionProperties) = preSolution
		HideSolutionNode = FALSE
	EndGlobalSection
	GlobalSection(ExtensibilityGlobals) = postSolution
		SolutionGuid = {00132100-37CF-4447-9941-5CCDAE08B2E1}
	EndGlobalSection
EndGlobal
